
Microsoft Visual Studio Solution File, Format Version 12.00
# Visual Studio Version 16
VisualStudioVersion = 16.0.29728.190
MinimumVisualStudioVersion = 10.0.40219.1
Project("{FAE04EC0-301F-11D3-BF4B-00C04F79EFBC}") = "30DaysofCodeHackerRank", "TestAppHackerRank\30DaysofCodeHackerRank.csproj", "{3BB788E5-BA64-4AAF-B465-4CB95826047C}"
EndProject
Project("{2150E333-8FDC-42A3-9474-1A3956D46DE8}") = "InterviewPreparationKit", "InterviewPreparationKit", "{F6420C5F-AB5E-44D6-9F98-1A4DC557AB70}"
EndProject
Project("{9A19103F-16F7-4668-BE54-9A1E7A4F7556}") = "WarmUpChallenges", "..\InterviewPreparationKit\WarmUpChallenges\WarmUpChallenges.csproj", "{28B18993-A6E2-41E7-911F-00BCC08DE445}"
EndProject
Project("{9A19103F-16F7-4668-BE54-9A1E7A4F7556}") = "CountingValleys", "..\InterviewPreparationKit\CountingValleys\CountingValleys.csproj", "{D8019B15-7B85-4012-9E6D-6E4929EB6523}"
EndProject
Global
	GlobalSection(SolutionConfigurationPlatforms) = preSolution
		Debug|Any CPU = Debug|Any CPU
		Release|Any CPU = Release|Any CPU
	EndGlobalSection
	GlobalSection(ProjectConfigurationPlatforms) = postSolution
		{3BB788E5-BA64-4AAF-B465-4CB95826047C}.Debug|Any CPU.ActiveCfg = Debug|Any CPU
		{3BB788E5-BA64-4AAF-B465-4CB95826047C}.Debug|Any CPU.Build.0 = Debug|Any CPU
		{3BB788E5-BA64-4AAF-B465-4CB95826047C}.Release|Any CPU.ActiveCfg = Release|Any CPU
		{3BB788E5-BA64-4AAF-B465-4CB95826047C}.Release|Any CPU.Build.0 = Release|Any CPU
		{28B18993-A6E2-41E7-911F-00BCC08DE445}.Debug|Any CPU.ActiveCfg = Debug|Any CPU
		{28B18993-A6E2-41E7-911F-00BCC08DE445}.Debug|Any CPU.Build.0 = Debug|Any CPU
		{28B18993-A6E2-41E7-911F-00BCC08DE445}.Release|Any CPU.ActiveCfg = Release|Any CPU
		{28B18993-A6E2-41E7-911F-00BCC08DE445}.Release|Any CPU.Build.0 = Release|Any CPU
		{D8019B15-7B85-4012-9E6D-6E4929EB6523}.Debug|Any CPU.ActiveCfg = Debug|Any CPU
		{D8019B15-7B85-4012-9E6D-6E4929EB6523}.Debug|Any CPU.Build.0 = Debug|Any CPU
		{D8019B15-7B85-4012-9E6D-6E4929EB6523}.Release|Any CPU.ActiveCfg = Release|Any CPU
		{D8019B15-7B85-4012-9E6D-6E4929EB6523}.Release|Any CPU.Build.0 = Release|Any CPU
	EndGlobalSection
	GlobalSection(SolutionProperties) = preSolution
		HideSolutionNode = FALSE
	EndGlobalSection
	GlobalSection(NestedProjects) = preSolution
		{28B18993-A6E2-41E7-911F-00BCC08DE445} = {F6420C5F-AB5E-44D6-9F98-1A4DC557AB70}
		{D8019B15-7B85-4012-9E6D-6E4929EB6523} = {F6420C5F-AB5E-44D6-9F98-1A4DC557AB70}
	EndGlobalSection
	GlobalSection(ExtensibilityGlobals) = postSolution
		SolutionGuid = {044AA84F-D4BF-4BB4-88C7-8393CF457CC5}
	EndGlobalSection
EndGlobal
